
Microsoft Visual Studio Solution File, Format Version 12.00
# Visual Studio Version 16
VisualStudioVersion = 16.0.29613.14
MinimumVisualStudioVersion = 10.0.40219.1
Project("{FAE04EC0-301F-11D3-BF4B-00C04F79EFBC}") = "Telegram.Domain", "TelegramThing\Telegram.Domain.csproj", "{4E35E162-3749-4910-81C1-5E2E99350B4F}"
EndProject
Project("{FAE04EC0-301F-11D3-BF4B-00C04F79EFBC}") = "Telegram.Infrastructure", "Telegram.Infrastructure\Telegram.Infrastructure.csproj", "{A8AFF818-13C7-482E-AD42-C23A05DECB85}"
EndProject
Project("{FAE04EC0-301F-11D3-BF4B-00C04F79EFBC}") = "Tg.Presenter", "Tg.Presenter\Tg.Presenter.csproj", "{7CC0F1FF-DD94-4A27-A9ED-C3BD5A229881}"
EndProject
Global
	GlobalSection(SolutionConfigurationPlatforms) = preSolution
		Debug|Any CPU = Debug|Any CPU
		Release|Any CPU = Release|Any CPU
	EndGlobalSection
	GlobalSection(ProjectConfigurationPlatforms) = postSolution
		{4E35E162-3749-4910-81C1-5E2E99350B4F}.Debug|Any CPU.ActiveCfg = Debug|Any CPU
		{4E35E162-3749-4910-81C1-5E2E99350B4F}.Debug|Any CPU.Build.0 = Debug|Any CPU
		{4E35E162-3749-4910-81C1-5E2E99350B4F}.Release|Any CPU.ActiveCfg = Release|Any CPU
		{4E35E162-3749-4910-81C1-5E2E99350B4F}.Release|Any CPU.Build.0 = Release|Any CPU
		{A8AFF818-13C7-482E-AD42-C23A05DECB85}.Debug|Any CPU.ActiveCfg = Debug|Any CPU
		{A8AFF818-13C7-482E-AD42-C23A05DECB85}.Debug|Any CPU.Build.0 = Debug|Any CPU
		{A8AFF818-13C7-482E-AD42-C23A05DECB85}.Release|Any CPU.ActiveCfg = Release|Any CPU
		{A8AFF818-13C7-482E-AD42-C23A05DECB85}.Release|Any CPU.Build.0 = Release|Any CPU
		{7CC0F1FF-DD94-4A27-A9ED-C3BD5A229881}.Debug|Any CPU.ActiveCfg = Debug|Any CPU
		{7CC0F1FF-DD94-4A27-A9ED-C3BD5A229881}.Debug|Any CPU.Build.0 = Debug|Any CPU
		{7CC0F1FF-DD94-4A27-A9ED-C3BD5A229881}.Release|Any CPU.ActiveCfg = Release|Any CPU
		{7CC0F1FF-DD94-4A27-A9ED-C3BD5A229881}.Release|Any CPU.Build.0 = Release|Any CPU
	EndGlobalSection
	GlobalSection(SolutionProperties) = preSolution
		HideSolutionNode = FALSE
	EndGlobalSection
	GlobalSection(ExtensibilityGlobals) = postSolution
		SolutionGuid = {5971DC07-C8C4-4EE4-A209-7913B929FBDC}
	EndGlobalSection
EndGlobal
